
Microsoft Visual Studio Solution File, Format Version 12.00
# Visual Studio 2013
VisualStudioVersion = 12.0.30723.0
MinimumVisualStudioVersion = 10.0.40219.1
Project("{FAE04EC0-301F-11D3-BF4B-00C04F79EFBC}") = "GeoChat", "GeoChat\GeoChat.csproj", "{A366AB69-2FDB-4F7F-8133-8ED17C5092E9}"
EndProject
Project("{FAE04EC0-301F-11D3-BF4B-00C04F79EFBC}") = "GeoChat.iOS", "iOS\GeoChat.iOS.csproj", "{8A3DAA49-FE89-48D6-B61F-40FCC6B558C7}"
EndProject
Project("{FAE04EC0-301F-11D3-BF4B-00C04F79EFBC}") = "GeoChat.Android", "Android\GeoChat.Android.csproj", "{020B8E28-3CB0-4D59-85D6-BCEC72A240AD}"
EndProject
Project("{FAE04EC0-301F-11D3-BF4B-00C04F79EFBC}") = "GeoChat.XamarinForms", "GeoChat.XamarinForms\GeoChat.XamarinForms\GeoChat.XamarinForms.csproj", "{4580878F-4E15-4C2C-9661-2B7523ABB45F}"
EndProject
Project("{FAE04EC0-301F-11D3-BF4B-00C04F79EFBC}") = "GeoChat.XamarinForms.iOS", "GeoChat.XamarinForms\GeoChat.XamarinForms.iOS\GeoChat.XamarinForms.iOS.csproj", "{8A87B8FF-0108-45BA-A198-F2ED00481FCB}"
EndProject
Project("{FAE04EC0-301F-11D3-BF4B-00C04F79EFBC}") = "GeoChat.XamarinForms.Android", "GeoChat.XamarinForms\GeoChat.XamarinForms.Android\GeoChat.XamarinForms.Android.csproj", "{6E91B409-4845-418A-BD56-EDD9B3FD9C7A}"
EndProject
Project("{FAE04EC0-301F-11D3-BF4B-00C04F79EFBC}") = "GeoChat.XamarinForms.WinPhone", "GeoChat.XamarinForms\GeoChat.XamarinForms.WinPhone\GeoChat.XamarinForms.WinPhone.csproj", "{3BC2DF82-05D5-4533-BE54-50C3CF7FCF85}"
EndProject
Project("{2150E333-8FDC-42A3-9474-1A3956D46DE8}") = ".nuget", ".nuget", "{AE2B78D2-E049-420B-9CD1-816D1DB0A2B2}"
	ProjectSection(SolutionItems) = preProject
		.nuget\NuGet.Config = .nuget\NuGet.Config
		.nuget\NuGet.exe = .nuget\NuGet.exe
		.nuget\NuGet.targets = .nuget\NuGet.targets
	EndProjectSection
EndProject
Project("{2150E333-8FDC-42A3-9474-1A3956D46DE8}") = "Backend", "Backend", "{679169C2-6757-4AC1-89E0-59CECA6C3333}"
EndProject
Project("{FAE04EC0-301F-11D3-BF4B-00C04F79EFBC}") = "GeoChat.Services", "GeoChat.Services\GeoChat.Services.csproj", "{DD2F490F-D443-49EF-B4B1-29937F5A53E4}"
EndProject
Project("{2150E333-8FDC-42A3-9474-1A3956D46DE8}") = "PublishScripts", "PublishScripts", "{146411D2-5B23-4228-972D-F7C80879BB6E}"
	ProjectSection(SolutionItems) = preProject
		PublishScripts\AzureWebsitePublishModule.psm1 = PublishScripts\AzureWebsitePublishModule.psm1
		PublishScripts\Publish-WebApplicationWebsite.ps1 = PublishScripts\Publish-WebApplicationWebsite.ps1
	EndProjectSection
EndProject
Project("{2150E333-8FDC-42A3-9474-1A3956D46DE8}") = "Configurations", "Configurations", "{2ABDA9B3-99A2-460E-9564-09EA84D9A82F}"
	ProjectSection(SolutionItems) = preProject
		PublishScripts\Configurations\GeoChatServices-WAWS-dev.json = PublishScripts\Configurations\GeoChatServices-WAWS-dev.json
	EndProjectSection
EndProject
Global
	GlobalSection(SolutionConfigurationPlatforms) = preSolution
		Ad-Hoc|Any CPU = Ad-Hoc|Any CPU
		Ad-Hoc|ARM = Ad-Hoc|ARM
		Ad-Hoc|iPhone = Ad-Hoc|iPhone
		Ad-Hoc|iPhoneSimulator = Ad-Hoc|iPhoneSimulator
		Ad-Hoc|Mixed Platforms = Ad-Hoc|Mixed Platforms
		Ad-Hoc|x86 = Ad-Hoc|x86
		AppStore|Any CPU = AppStore|Any CPU
		AppStore|ARM = AppStore|ARM
		AppStore|iPhone = AppStore|iPhone
		AppStore|iPhoneSimulator = AppStore|iPhoneSimulator
		AppStore|Mixed Platforms = AppStore|Mixed Platforms
		AppStore|x86 = AppStore|x86
		Debug|Any CPU = Debug|Any CPU
		Debug|ARM = Debug|ARM
		Debug|iPhone = Debug|iPhone
		Debug|iPhoneSimulator = Debug|iPhoneSimulator
		Debug|Mixed Platforms = Debug|Mixed Platforms
		Debug|x86 = Debug|x86
		Release|Any CPU = Release|Any CPU
		Release|ARM = Release|ARM
		Release|iPhone = Release|iPhone
		Release|iPhoneSimulator = Release|iPhoneSimulator
		Release|Mixed Platforms = Release|Mixed Platforms
		Release|x86 = Release|x86
	EndGlobalSection
	GlobalSection(ProjectConfigurationPlatforms) = postSolution
		{A366AB69-2FDB-4F7F-8133-8ED17C5092E9}.Ad-Hoc|Any CPU.ActiveCfg = Release|Any CPU
		{A366AB69-2FDB-4F7F-8133-8ED17C5092E9}.Ad-Hoc|Any CPU.Build.0 = Release|Any CPU
		{A366AB69-2FDB-4F7F-8133-8ED17C5092E9}.Ad-Hoc|ARM.ActiveCfg = Release|Any CPU
		{A366AB69-2FDB-4F7F-8133-8ED17C5092E9}.Ad-Hoc|iPhone.ActiveCfg = Debug|Any CPU
		{A366AB69-2FDB-4F7F-8133-8ED17C5092E9}.Ad-Hoc|iPhone.Build.0 = Debug|Any CPU
		{A366AB69-2FDB-4F7F-8133-8ED17C5092E9}.Ad-Hoc|iPhoneSimulator.ActiveCfg = Release|Any CPU
		{A366AB69-2FDB-4F7F-8133-8ED17C5092E9}.Ad-Hoc|Mixed Platforms.ActiveCfg = Release|Any CPU
		{A366AB69-2FDB-4F7F-8133-8ED17C5092E9}.Ad-Hoc|Mixed Platforms.Build.0 = Release|Any CPU
		{A366AB69-2FDB-4F7F-8133-8ED17C5092E9}.Ad-Hoc|x86.ActiveCfg = Release|Any CPU
		{A366AB69-2FDB-4F7F-8133-8ED17C5092E9}.AppStore|Any CPU.ActiveCfg = Release|Any CPU
		{A366AB69-2FDB-4F7F-8133-8ED17C5092E9}.AppStore|Any CPU.Build.0 = Release|Any CPU
		{A366AB69-2FDB-4F7F-8133-8ED17C5092E9}.AppStore|ARM.ActiveCfg = Release|Any CPU
		{A366AB69-2FDB-4F7F-8133-8ED17C5092E9}.AppStore|iPhone.ActiveCfg = Debug|Any CPU
		{A366AB69-2FDB-4F7F-8133-8ED17C5092E9}.AppStore|iPhone.Build.0 = Debug|Any CPU
		{A366AB69-2FDB-4F7F-8133-8ED17C5092E9}.AppStore|iPhoneSimulator.ActiveCfg = Release|Any CPU
		{A366AB69-2FDB-4F7F-8133-8ED17C5092E9}.AppStore|Mixed Platforms.ActiveCfg = Release|Any CPU
		{A366AB69-2FDB-4F7F-8133-8ED17C5092E9}.AppStore|Mixed Platforms.Build.0 = Release|Any CPU
		{A366AB69-2FDB-4F7F-8133-8ED17C5092E9}.AppStore|x86.ActiveCfg = Release|Any CPU
		{A366AB69-2FDB-4F7F-8133-8ED17C5092E9}.Debug|Any CPU.ActiveCfg = Debug|Any CPU
		{A366AB69-2FDB-4F7F-8133-8ED17C5092E9}.Debug|Any CPU.Build.0 = Debug|Any CPU
		{A366AB69-2FDB-4F7F-8133-8ED17C5092E9}.Debug|ARM.ActiveCfg = Debug|Any CPU
		{A366AB69-2FDB-4F7F-8133-8ED17C5092E9}.Debug|iPhone.ActiveCfg = Debug|Any CPU
		{A366AB69-2FDB-4F7F-8133-8ED17C5092E9}.Debug|iPhone.Build.0 = Debug|Any CPU
		{A366AB69-2FDB-4F7F-8133-8ED17C5092E9}.Debug|iPhoneSimulator.ActiveCfg = Debug|Any CPU
		{A366AB69-2FDB-4F7F-8133-8ED17C5092E9}.Debug|iPhoneSimulator.Build.0 = Debug|Any CPU
		{A366AB69-2FDB-4F7F-8133-8ED17C5092E9}.Debug|Mixed Platforms.ActiveCfg = Debug|Any CPU
		{A366AB69-2FDB-4F7F-8133-8ED17C5092E9}.Debug|Mixed Platforms.Build.0 = Debug|Any CPU
		{A366AB69-2FDB-4F7F-8133-8ED17C5092E9}.Debug|x86.ActiveCfg = Debug|Any CPU
		{A366AB69-2FDB-4F7F-8133-8ED17C5092E9}.Release|Any CPU.ActiveCfg = Release|Any CPU
		{A366AB69-2FDB-4F7F-8133-8ED17C5092E9}.Release|Any CPU.Build.0 = Release|Any CPU
		{A366AB69-2FDB-4F7F-8133-8ED17C5092E9}.Release|ARM.ActiveCfg = Release|Any CPU
		{A366AB69-2FDB-4F7F-8133-8ED17C5092E9}.Release|iPhone.ActiveCfg = Release|Any CPU
		{A366AB69-2FDB-4F7F-8133-8ED17C5092E9}.Release|iPhone.Build.0 = Release|Any CPU
		{A366AB69-2FDB-4F7F-8133-8ED17C5092E9}.Release|iPhoneSimulator.ActiveCfg = Release|Any CPU
		{A366AB69-2FDB-4F7F-8133-8ED17C5092E9}.Release|iPhoneSimulator.Build.0 = Release|Any CPU
		{A366AB69-2FDB-4F7F-8133-8ED17C5092E9}.Release|Mixed Platforms.ActiveCfg = Release|Any CPU
		{A366AB69-2FDB-4F7F-8133-8ED17C5092E9}.Release|Mixed Platforms.Build.0 = Release|Any CPU
		{A366AB69-2FDB-4F7F-8133-8ED17C5092E9}.Release|x86.ActiveCfg = Release|Any CPU
		{8A3DAA49-FE89-48D6-B61F-40FCC6B558C7}.Ad-Hoc|Any CPU.ActiveCfg = Ad-Hoc|iPhoneSimulator
		{8A3DAA49-FE89-48D6-B61F-40FCC6B558C7}.Ad-Hoc|ARM.ActiveCfg = Ad-Hoc|iPhoneSimulator
		{8A3DAA49-FE89-48D6-B61F-40FCC6B558C7}.Ad-Hoc|iPhone.ActiveCfg = Ad-Hoc|iPhone
		{8A3DAA49-FE89-48D6-B61F-40FCC6B558C7}.Ad-Hoc|iPhone.Build.0 = Ad-Hoc|iPhone
		{8A3DAA49-FE89-48D6-B61F-40FCC6B558C7}.Ad-Hoc|iPhoneSimulator.ActiveCfg = Ad-Hoc|iPhoneSimulator
		{8A3DAA49-FE89-48D6-B61F-40FCC6B558C7}.Ad-Hoc|iPhoneSimulator.Build.0 = Ad-Hoc|iPhoneSimulator
		{8A3DAA49-FE89-48D6-B61F-40FCC6B558C7}.Ad-Hoc|Mixed Platforms.ActiveCfg = Ad-Hoc|iPhoneSimulator
		{8A3DAA49-FE89-48D6-B61F-40FCC6B558C7}.Ad-Hoc|Mixed Platforms.Build.0 = Ad-Hoc|iPhoneSimulator
		{8A3DAA49-FE89-48D6-B61F-40FCC6B558C7}.Ad-Hoc|x86.ActiveCfg = Ad-Hoc|iPhoneSimulator
		{8A3DAA49-FE89-48D6-B61F-40FCC6B558C7}.AppStore|Any CPU.ActiveCfg = AppStore|iPhoneSimulator
		{8A3DAA49-FE89-48D6-B61F-40FCC6B558C7}.AppStore|ARM.ActiveCfg = AppStore|iPhoneSimulator
		{8A3DAA49-FE89-48D6-B61F-40FCC6B558C7}.AppStore|iPhone.ActiveCfg = AppStore|iPhone
		{8A3DAA49-FE89-48D6-B61F-40FCC6B558C7}.AppStore|iPhone.Build.0 = AppStore|iPhone
		{8A3DAA49-FE89-48D6-B61F-40FCC6B558C7}.AppStore|iPhoneSimulator.ActiveCfg = AppStore|iPhoneSimulator
		{8A3DAA49-FE89-48D6-B61F-40FCC6B558C7}.AppStore|iPhoneSimulator.Build.0 = AppStore|iPhoneSimulator
		{8A3DAA49-FE89-48D6-B61F-40FCC6B558C7}.AppStore|Mixed Platforms.ActiveCfg = AppStore|iPhoneSimulator
		{8A3DAA49-FE89-48D6-B61F-40FCC6B558C7}.AppStore|Mixed Platforms.Build.0 = AppStore|iPhoneSimulator
		{8A3DAA49-FE89-48D6-B61F-40FCC6B558C7}.AppStore|x86.ActiveCfg = AppStore|iPhoneSimulator
		{8A3DAA49-FE89-48D6-B61F-40FCC6B558C7}.Debug|Any CPU.ActiveCfg = Debug|iPhoneSimulator
		{8A3DAA49-FE89-48D6-B61F-40FCC6B558C7}.Debug|Any CPU.Build.0 = Debug|iPhoneSimulator
		{8A3DAA49-FE89-48D6-B61F-40FCC6B558C7}.Debug|ARM.ActiveCfg = Debug|iPhone
		{8A3DAA49-FE89-48D6-B61F-40FCC6B558C7}.Debug|iPhone.ActiveCfg = Debug|iPhone
		{8A3DAA49-FE89-48D6-B61F-40FCC6B558C7}.Debug|iPhone.Build.0 = Debug|iPhone
		{8A3DAA49-FE89-48D6-B61F-40FCC6B558C7}.Debug|iPhoneSimulator.ActiveCfg = Debug|iPhoneSimulator
		{8A3DAA49-FE89-48D6-B61F-40FCC6B558C7}.Debug|iPhoneSimulator.Build.0 = Debug|iPhoneSimulator
		{8A3DAA49-FE89-48D6-B61F-40FCC6B558C7}.Debug|Mixed Platforms.ActiveCfg = Debug|iPhone
		{8A3DAA49-FE89-48D6-B61F-40FCC6B558C7}.Debug|Mixed Platforms.Build.0 = Debug|iPhone
		{8A3DAA49-FE89-48D6-B61F-40FCC6B558C7}.Debug|x86.ActiveCfg = Debug|iPhone
		{8A3DAA49-FE89-48D6-B61F-40FCC6B558C7}.Release|Any CPU.ActiveCfg = Release|iPhoneSimulator
		{8A3DAA49-FE89-48D6-B61F-40FCC6B558C7}.Release|Any CPU.Build.0 = Release|iPhoneSimulator
		{8A3DAA49-FE89-48D6-B61F-40FCC6B558C7}.Release|ARM.ActiveCfg = Release|iPhone
		{8A3DAA49-FE89-48D6-B61F-40FCC6B558C7}.Release|iPhone.ActiveCfg = Release|iPhone
		{8A3DAA49-FE89-48D6-B61F-40FCC6B558C7}.Release|iPhone.Build.0 = Release|iPhone
		{8A3DAA49-FE89-48D6-B61F-40FCC6B558C7}.Release|iPhoneSimulator.ActiveCfg = Release|iPhoneSimulator
		{8A3DAA49-FE89-48D6-B61F-40FCC6B558C7}.Release|iPhoneSimulator.Build.0 = Release|iPhoneSimulator
		{8A3DAA49-FE89-48D6-B61F-40FCC6B558C7}.Release|Mixed Platforms.ActiveCfg = Release|iPhone
		{8A3DAA49-FE89-48D6-B61F-40FCC6B558C7}.Release|Mixed Platforms.Build.0 = Release|iPhone
		{8A3DAA49-FE89-48D6-B61F-40FCC6B558C7}.Release|x86.ActiveCfg = Release|iPhone
		{020B8E28-3CB0-4D59-85D6-BCEC72A240AD}.Ad-Hoc|Any CPU.ActiveCfg = Release|Any CPU
		{020B8E28-3CB0-4D59-85D6-BCEC72A240AD}.Ad-Hoc|Any CPU.Build.0 = Release|Any CPU
		{020B8E28-3CB0-4D59-85D6-BCEC72A240AD}.Ad-Hoc|Any CPU.Deploy.0 = Release|Any CPU
		{020B8E28-3CB0-4D59-85D6-BCEC72A240AD}.Ad-Hoc|ARM.ActiveCfg = Release|Any CPU
		{020B8E28-3CB0-4D59-85D6-BCEC72A240AD}.Ad-Hoc|iPhone.ActiveCfg = Debug|Any CPU
		{020B8E28-3CB0-4D59-85D6-BCEC72A240AD}.Ad-Hoc|iPhone.Build.0 = Debug|Any CPU
		{020B8E28-3CB0-4D59-85D6-BCEC72A240AD}.Ad-Hoc|iPhoneSimulator.ActiveCfg = Release|Any CPU
		{020B8E28-3CB0-4D59-85D6-BCEC72A240AD}.Ad-Hoc|Mixed Platforms.ActiveCfg = Release|Any CPU
		{020B8E28-3CB0-4D59-85D6-BCEC72A240AD}.Ad-Hoc|Mixed Platforms.Build.0 = Release|Any CPU
		{020B8E28-3CB0-4D59-85D6-BCEC72A240AD}.Ad-Hoc|Mixed Platforms.Deploy.0 = Release|Any CPU
		{020B8E28-3CB0-4D59-85D6-BCEC72A240AD}.Ad-Hoc|x86.ActiveCfg = Release|Any CPU
		{020B8E28-3CB0-4D59-85D6-BCEC72A240AD}.AppStore|Any CPU.ActiveCfg = Release|Any CPU
		{020B8E28-3CB0-4D59-85D6-BCEC72A240AD}.AppStore|Any CPU.Build.0 = Release|Any CPU
		{020B8E28-3CB0-4D59-85D6-BCEC72A240AD}.AppStore|Any CPU.Deploy.0 = Release|Any CPU
		{020B8E28-3CB0-4D59-85D6-BCEC72A240AD}.AppStore|ARM.ActiveCfg = Release|Any CPU
		{020B8E28-3CB0-4D59-85D6-BCEC72A240AD}.AppStore|iPhone.ActiveCfg = Debug|Any CPU
		{020B8E28-3CB0-4D59-85D6-BCEC72A240AD}.AppStore|iPhone.Build.0 = Debug|Any CPU
		{020B8E28-3CB0-4D59-85D6-BCEC72A240AD}.AppStore|iPhoneSimulator.ActiveCfg = Release|Any CPU
		{020B8E28-3CB0-4D59-85D6-BCEC72A240AD}.AppStore|Mixed Platforms.ActiveCfg = Release|Any CPU
		{020B8E28-3CB0-4D59-85D6-BCEC72A240AD}.AppStore|Mixed Platforms.Build.0 = Release|Any CPU
		{020B8E28-3CB0-4D59-85D6-BCEC72A240AD}.AppStore|Mixed Platforms.Deploy.0 = Release|Any CPU
		{020B8E28-3CB0-4D59-85D6-BCEC72A240AD}.AppStore|x86.ActiveCfg = Release|Any CPU
		{020B8E28-3CB0-4D59-85D6-BCEC72A240AD}.Debug|Any CPU.ActiveCfg = Debug|Any CPU
		{020B8E28-3CB0-4D59-85D6-BCEC72A240AD}.Debug|Any CPU.Build.0 = Debug|Any CPU
		{020B8E28-3CB0-4D59-85D6-BCEC72A240AD}.Debug|ARM.ActiveCfg = Debug|Any CPU
		{020B8E28-3CB0-4D59-85D6-BCEC72A240AD}.Debug|iPhone.ActiveCfg = Debug|Any CPU
		{020B8E28-3CB0-4D59-85D6-BCEC72A240AD}.Debug|iPhone.Build.0 = Debug|Any CPU
		{020B8E28-3CB0-4D59-85D6-BCEC72A240AD}.Debug|iPhoneSimulator.ActiveCfg = Debug|Any CPU
		{020B8E28-3CB0-4D59-85D6-BCEC72A240AD}.Debug|iPhoneSimulator.Build.0 = Debug|Any CPU
		{020B8E28-3CB0-4D59-85D6-BCEC72A240AD}.Debug|Mixed Platforms.ActiveCfg = Debug|Any CPU
		{020B8E28-3CB0-4D59-85D6-BCEC72A240AD}.Debug|Mixed Platforms.Build.0 = Debug|Any CPU
		{020B8E28-3CB0-4D59-85D6-BCEC72A240AD}.Debug|Mixed Platforms.Deploy.0 = Debug|Any CPU
		{020B8E28-3CB0-4D59-85D6-BCEC72A240AD}.Debug|x86.ActiveCfg = Debug|Any CPU
		{020B8E28-3CB0-4D59-85D6-BCEC72A240AD}.Release|Any CPU.ActiveCfg = Release|Any CPU
		{020B8E28-3CB0-4D59-85D6-BCEC72A240AD}.Release|Any CPU.Build.0 = Release|Any CPU
		{020B8E28-3CB0-4D59-85D6-BCEC72A240AD}.Release|ARM.ActiveCfg = Release|Any CPU
		{020B8E28-3CB0-4D59-85D6-BCEC72A240AD}.Release|iPhone.ActiveCfg = Release|Any CPU
		{020B8E28-3CB0-4D59-85D6-BCEC72A240AD}.Release|iPhone.Build.0 = Release|Any CPU
		{020B8E28-3CB0-4D59-85D6-BCEC72A240AD}.Release|iPhoneSimulator.ActiveCfg = Release|Any CPU
		{020B8E28-3CB0-4D59-85D6-BCEC72A240AD}.Release|iPhoneSimulator.Build.0 = Release|Any CPU
		{020B8E28-3CB0-4D59-85D6-BCEC72A240AD}.Release|Mixed Platforms.ActiveCfg = Release|Any CPU
		{020B8E28-3CB0-4D59-85D6-BCEC72A240AD}.Release|Mixed Platforms.Build.0 = Release|Any CPU
		{020B8E28-3CB0-4D59-85D6-BCEC72A240AD}.Release|Mixed Platforms.Deploy.0 = Release|Any CPU
		{020B8E28-3CB0-4D59-85D6-BCEC72A240AD}.Release|x86.ActiveCfg = Release|Any CPU
		{4580878F-4E15-4C2C-9661-2B7523ABB45F}.Ad-Hoc|Any CPU.ActiveCfg = Release|Any CPU
		{4580878F-4E15-4C2C-9661-2B7523ABB45F}.Ad-Hoc|Any CPU.Build.0 = Release|Any CPU
		{4580878F-4E15-4C2C-9661-2B7523ABB45F}.Ad-Hoc|ARM.ActiveCfg = Release|Any CPU
		{4580878F-4E15-4C2C-9661-2B7523ABB45F}.Ad-Hoc|iPhone.ActiveCfg = Release|Any CPU
		{4580878F-4E15-4C2C-9661-2B7523ABB45F}.Ad-Hoc|iPhoneSimulator.ActiveCfg = Release|Any CPU
		{4580878F-4E15-4C2C-9661-2B7523ABB45F}.Ad-Hoc|Mixed Platforms.ActiveCfg = Release|Any CPU
		{4580878F-4E15-4C2C-9661-2B7523ABB45F}.Ad-Hoc|Mixed Platforms.Build.0 = Release|Any CPU
		{4580878F-4E15-4C2C-9661-2B7523ABB45F}.Ad-Hoc|x86.ActiveCfg = Release|Any CPU
		{4580878F-4E15-4C2C-9661-2B7523ABB45F}.AppStore|Any CPU.ActiveCfg = Release|Any CPU
		{4580878F-4E15-4C2C-9661-2B7523ABB45F}.AppStore|Any CPU.Build.0 = Release|Any CPU
		{4580878F-4E15-4C2C-9661-2B7523ABB45F}.AppStore|ARM.ActiveCfg = Release|Any CPU
		{4580878F-4E15-4C2C-9661-2B7523ABB45F}.AppStore|iPhone.ActiveCfg = Release|Any CPU
		{4580878F-4E15-4C2C-9661-2B7523ABB45F}.AppStore|iPhoneSimulator.ActiveCfg = Release|Any CPU
		{4580878F-4E15-4C2C-9661-2B7523ABB45F}.AppStore|Mixed Platforms.ActiveCfg = Release|Any CPU
		{4580878F-4E15-4C2C-9661-2B7523ABB45F}.AppStore|Mixed Platforms.Build.0 = Release|Any CPU
		{4580878F-4E15-4C2C-9661-2B7523ABB45F}.AppStore|x86.ActiveCfg = Release|Any CPU
		{4580878F-4E15-4C2C-9661-2B7523ABB45F}.Debug|Any CPU.ActiveCfg = Debug|Any CPU
		{4580878F-4E15-4C2C-9661-2B7523ABB45F}.Debug|Any CPU.Build.0 = Debug|Any CPU
		{4580878F-4E15-4C2C-9661-2B7523ABB45F}.Debug|ARM.ActiveCfg = Debug|Any CPU
		{4580878F-4E15-4C2C-9661-2B7523ABB45F}.Debug|iPhone.ActiveCfg = Debug|Any CPU
		{4580878F-4E15-4C2C-9661-2B7523ABB45F}.Debug|iPhoneSimulator.ActiveCfg = Debug|Any CPU
		{4580878F-4E15-4C2C-9661-2B7523ABB45F}.Debug|Mixed Platforms.ActiveCfg = Debug|Any CPU
		{4580878F-4E15-4C2C-9661-2B7523ABB45F}.Debug|Mixed Platforms.Build.0 = Debug|Any CPU
		{4580878F-4E15-4C2C-9661-2B7523ABB45F}.Debug|x86.ActiveCfg = Debug|Any CPU
		{4580878F-4E15-4C2C-9661-2B7523ABB45F}.Release|Any CPU.ActiveCfg = Release|Any CPU
		{4580878F-4E15-4C2C-9661-2B7523ABB45F}.Release|Any CPU.Build.0 = Release|Any CPU
		{4580878F-4E15-4C2C-9661-2B7523ABB45F}.Release|ARM.ActiveCfg = Release|Any CPU
		{4580878F-4E15-4C2C-9661-2B7523ABB45F}.Release|iPhone.ActiveCfg = Release|Any CPU
		{4580878F-4E15-4C2C-9661-2B7523ABB45F}.Release|iPhoneSimulator.ActiveCfg = Release|Any CPU
		{4580878F-4E15-4C2C-9661-2B7523ABB45F}.Release|Mixed Platforms.ActiveCfg = Release|Any CPU
		{4580878F-4E15-4C2C-9661-2B7523ABB45F}.Release|Mixed Platforms.Build.0 = Release|Any CPU
		{4580878F-4E15-4C2C-9661-2B7523ABB45F}.Release|x86.ActiveCfg = Release|Any CPU
		{8A87B8FF-0108-45BA-A198-F2ED00481FCB}.Ad-Hoc|Any CPU.ActiveCfg = Ad-Hoc|iPhone
		{8A87B8FF-0108-45BA-A198-F2ED00481FCB}.Ad-Hoc|ARM.ActiveCfg = Ad-Hoc|iPhone
		{8A87B8FF-0108-45BA-A198-F2ED00481FCB}.Ad-Hoc|iPhone.ActiveCfg = Ad-Hoc|iPhone
		{8A87B8FF-0108-45BA-A198-F2ED00481FCB}.Ad-Hoc|iPhone.Build.0 = Ad-Hoc|iPhone
		{8A87B8FF-0108-45BA-A198-F2ED00481FCB}.Ad-Hoc|iPhoneSimulator.ActiveCfg = Ad-Hoc|iPhoneSimulator
		{8A87B8FF-0108-45BA-A198-F2ED00481FCB}.Ad-Hoc|iPhoneSimulator.Build.0 = Ad-Hoc|iPhoneSimulator
		{8A87B8FF-0108-45BA-A198-F2ED00481FCB}.Ad-Hoc|Mixed Platforms.ActiveCfg = Ad-Hoc|iPhone
		{8A87B8FF-0108-45BA-A198-F2ED00481FCB}.Ad-Hoc|Mixed Platforms.Build.0 = Ad-Hoc|iPhone
		{8A87B8FF-0108-45BA-A198-F2ED00481FCB}.Ad-Hoc|x86.ActiveCfg = Ad-Hoc|iPhone
		{8A87B8FF-0108-45BA-A198-F2ED00481FCB}.AppStore|Any CPU.ActiveCfg = AppStore|iPhone
		{8A87B8FF-0108-45BA-A198-F2ED00481FCB}.AppStore|ARM.ActiveCfg = AppStore|iPhone
		{8A87B8FF-0108-45BA-A198-F2ED00481FCB}.AppStore|iPhone.ActiveCfg = AppStore|iPhone
		{8A87B8FF-0108-45BA-A198-F2ED00481FCB}.AppStore|iPhone.Build.0 = AppStore|iPhone
		{8A87B8FF-0108-45BA-A198-F2ED00481FCB}.AppStore|iPhoneSimulator.ActiveCfg = AppStore|iPhoneSimulator
		{8A87B8FF-0108-45BA-A198-F2ED00481FCB}.AppStore|iPhoneSimulator.Build.0 = AppStore|iPhoneSimulator
		{8A87B8FF-0108-45BA-A198-F2ED00481FCB}.AppStore|Mixed Platforms.ActiveCfg = AppStore|iPhone
		{8A87B8FF-0108-45BA-A198-F2ED00481FCB}.AppStore|Mixed Platforms.Build.0 = AppStore|iPhone
		{8A87B8FF-0108-45BA-A198-F2ED00481FCB}.AppStore|x86.ActiveCfg = AppStore|iPhone
		{8A87B8FF-0108-45BA-A198-F2ED00481FCB}.Debug|Any CPU.ActiveCfg = Debug|iPhone
		{8A87B8FF-0108-45BA-A198-F2ED00481FCB}.Debug|ARM.ActiveCfg = Debug|iPhone
		{8A87B8FF-0108-45BA-A198-F2ED00481FCB}.Debug|iPhone.ActiveCfg = Debug|iPhone
		{8A87B8FF-0108-45BA-A198-F2ED00481FCB}.Debug|iPhone.Build.0 = Debug|iPhone
		{8A87B8FF-0108-45BA-A198-F2ED00481FCB}.Debug|iPhoneSimulator.ActiveCfg = Debug|iPhoneSimulator
		{8A87B8FF-0108-45BA-A198-F2ED00481FCB}.Debug|iPhoneSimulator.Build.0 = Debug|iPhoneSimulator
		{8A87B8FF-0108-45BA-A198-F2ED00481FCB}.Debug|Mixed Platforms.ActiveCfg = Debug|iPhone
		{8A87B8FF-0108-45BA-A198-F2ED00481FCB}.Debug|Mixed Platforms.Build.0 = Debug|iPhone
		{8A87B8FF-0108-45BA-A198-F2ED00481FCB}.Debug|x86.ActiveCfg = Debug|iPhone
		{8A87B8FF-0108-45BA-A198-F2ED00481FCB}.Release|Any CPU.ActiveCfg = Release|iPhone
		{8A87B8FF-0108-45BA-A198-F2ED00481FCB}.Release|ARM.ActiveCfg = Release|iPhone
		{8A87B8FF-0108-45BA-A198-F2ED00481FCB}.Release|iPhone.ActiveCfg = Release|iPhone
		{8A87B8FF-0108-45BA-A198-F2ED00481FCB}.Release|iPhone.Build.0 = Release|iPhone
		{8A87B8FF-0108-45BA-A198-F2ED00481FCB}.Release|iPhoneSimulator.ActiveCfg = Release|iPhoneSimulator
		{8A87B8FF-0108-45BA-A198-F2ED00481FCB}.Release|iPhoneSimulator.Build.0 = Release|iPhoneSimulator
		{8A87B8FF-0108-45BA-A198-F2ED00481FCB}.Release|Mixed Platforms.ActiveCfg = Release|iPhone
		{8A87B8FF-0108-45BA-A198-F2ED00481FCB}.Release|Mixed Platforms.Build.0 = Release|iPhone
		{8A87B8FF-0108-45BA-A198-F2ED00481FCB}.Release|x86.ActiveCfg = Release|iPhone
		{6E91B409-4845-418A-BD56-EDD9B3FD9C7A}.Ad-Hoc|Any CPU.ActiveCfg = Release|Any CPU
		{6E91B409-4845-418A-BD56-EDD9B3FD9C7A}.Ad-Hoc|Any CPU.Build.0 = Release|Any CPU
		{6E91B409-4845-418A-BD56-EDD9B3FD9C7A}.Ad-Hoc|Any CPU.Deploy.0 = Release|Any CPU
		{6E91B409-4845-418A-BD56-EDD9B3FD9C7A}.Ad-Hoc|ARM.ActiveCfg = Release|Any CPU
		{6E91B409-4845-418A-BD56-EDD9B3FD9C7A}.Ad-Hoc|iPhone.ActiveCfg = Release|Any CPU
		{6E91B409-4845-418A-BD56-EDD9B3FD9C7A}.Ad-Hoc|iPhoneSimulator.ActiveCfg = Release|Any CPU
		{6E91B409-4845-418A-BD56-EDD9B3FD9C7A}.Ad-Hoc|Mixed Platforms.ActiveCfg = Release|Any CPU
		{6E91B409-4845-418A-BD56-EDD9B3FD9C7A}.Ad-Hoc|Mixed Platforms.Build.0 = Release|Any CPU
		{6E91B409-4845-418A-BD56-EDD9B3FD9C7A}.Ad-Hoc|Mixed Platforms.Deploy.0 = Release|Any CPU
		{6E91B409-4845-418A-BD56-EDD9B3FD9C7A}.Ad-Hoc|x86.ActiveCfg = Release|Any CPU
		{6E91B409-4845-418A-BD56-EDD9B3FD9C7A}.AppStore|Any CPU.ActiveCfg = Release|Any CPU
		{6E91B409-4845-418A-BD56-EDD9B3FD9C7A}.AppStore|Any CPU.Build.0 = Release|Any CPU
		{6E91B409-4845-418A-BD56-EDD9B3FD9C7A}.AppStore|Any CPU.Deploy.0 = Release|Any CPU
		{6E91B409-4845-418A-BD56-EDD9B3FD9C7A}.AppStore|ARM.ActiveCfg = Release|Any CPU
		{6E91B409-4845-418A-BD56-EDD9B3FD9C7A}.AppStore|iPhone.ActiveCfg = Release|Any CPU
		{6E91B409-4845-418A-BD56-EDD9B3FD9C7A}.AppStore|iPhoneSimulator.ActiveCfg = Release|Any CPU
		{6E91B409-4845-418A-BD56-EDD9B3FD9C7A}.AppStore|Mixed Platforms.ActiveCfg = Release|Any CPU
		{6E91B409-4845-418A-BD56-EDD9B3FD9C7A}.AppStore|Mixed Platforms.Build.0 = Release|Any CPU
		{6E91B409-4845-418A-BD56-EDD9B3FD9C7A}.AppStore|Mixed Platforms.Deploy.0 = Release|Any CPU
		{6E91B409-4845-418A-BD56-EDD9B3FD9C7A}.AppStore|x86.ActiveCfg = Release|Any CPU
		{6E91B409-4845-418A-BD56-EDD9B3FD9C7A}.Debug|Any CPU.ActiveCfg = Debug|Any CPU
		{6E91B409-4845-418A-BD56-EDD9B3FD9C7A}.Debug|Any CPU.Build.0 = Debug|Any CPU
		{6E91B409-4845-418A-BD56-EDD9B3FD9C7A}.Debug|Any CPU.Deploy.0 = Debug|Any CPU
		{6E91B409-4845-418A-BD56-EDD9B3FD9C7A}.Debug|ARM.ActiveCfg = Debug|Any CPU
		{6E91B409-4845-418A-BD56-EDD9B3FD9C7A}.Debug|iPhone.ActiveCfg = Debug|Any CPU
		{6E91B409-4845-418A-BD56-EDD9B3FD9C7A}.Debug|iPhoneSimulator.ActiveCfg = Debug|Any CPU
		{6E91B409-4845-418A-BD56-EDD9B3FD9C7A}.Debug|Mixed Platforms.ActiveCfg = Debug|Any CPU
		{6E91B409-4845-418A-BD56-EDD9B3FD9C7A}.Debug|Mixed Platforms.Build.0 = Debug|Any CPU
		{6E91B409-4845-418A-BD56-EDD9B3FD9C7A}.Debug|Mixed Platforms.Deploy.0 = Debug|Any CPU
		{6E91B409-4845-418A-BD56-EDD9B3FD9C7A}.Debug|x86.ActiveCfg = Debug|Any CPU
		{6E91B409-4845-418A-BD56-EDD9B3FD9C7A}.Release|Any CPU.ActiveCfg = Release|Any CPU
		{6E91B409-4845-418A-BD56-EDD9B3FD9C7A}.Release|Any CPU.Build.0 = Release|Any CPU
		{6E91B409-4845-418A-BD56-EDD9B3FD9C7A}.Release|Any CPU.Deploy.0 = Release|Any CPU
		{6E91B409-4845-418A-BD56-EDD9B3FD9C7A}.Release|ARM.ActiveCfg = Release|Any CPU
		{6E91B409-4845-418A-BD56-EDD9B3FD9C7A}.Release|iPhone.ActiveCfg = Release|Any CPU
		{6E91B409-4845-418A-BD56-EDD9B3FD9C7A}.Release|iPhoneSimulator.ActiveCfg = Release|Any CPU
		{6E91B409-4845-418A-BD56-EDD9B3FD9C7A}.Release|Mixed Platforms.ActiveCfg = Release|Any CPU
		{6E91B409-4845-418A-BD56-EDD9B3FD9C7A}.Release|Mixed Platforms.Build.0 = Release|Any CPU
		{6E91B409-4845-418A-BD56-EDD9B3FD9C7A}.Release|Mixed Platforms.Deploy.0 = Release|Any CPU
		{6E91B409-4845-418A-BD56-EDD9B3FD9C7A}.Release|x86.ActiveCfg = Release|Any CPU
		{3BC2DF82-05D5-4533-BE54-50C3CF7FCF85}.Ad-Hoc|Any CPU.ActiveCfg = Release|Any CPU
		{3BC2DF82-05D5-4533-BE54-50C3CF7FCF85}.Ad-Hoc|Any CPU.Build.0 = Release|Any CPU
		{3BC2DF82-05D5-4533-BE54-50C3CF7FCF85}.Ad-Hoc|Any CPU.Deploy.0 = Release|Any CPU
		{3BC2DF82-05D5-4533-BE54-50C3CF7FCF85}.Ad-Hoc|ARM.ActiveCfg = Release|ARM
		{3BC2DF82-05D5-4533-BE54-50C3CF7FCF85}.Ad-Hoc|ARM.Build.0 = Release|ARM
		{3BC2DF82-05D5-4533-BE54-50C3CF7FCF85}.Ad-Hoc|ARM.Deploy.0 = Release|ARM
		{3BC2DF82-05D5-4533-BE54-50C3CF7FCF85}.Ad-Hoc|iPhone.ActiveCfg = Release|Any CPU
		{3BC2DF82-05D5-4533-BE54-50C3CF7FCF85}.Ad-Hoc|iPhoneSimulator.ActiveCfg = Release|Any CPU
		{3BC2DF82-05D5-4533-BE54-50C3CF7FCF85}.Ad-Hoc|Mixed Platforms.ActiveCfg = Release|x86
		{3BC2DF82-05D5-4533-BE54-50C3CF7FCF85}.Ad-Hoc|Mixed Platforms.Build.0 = Release|x86
		{3BC2DF82-05D5-4533-BE54-50C3CF7FCF85}.Ad-Hoc|Mixed Platforms.Deploy.0 = Release|x86
		{3BC2DF82-05D5-4533-BE54-50C3CF7FCF85}.Ad-Hoc|x86.ActiveCfg = Release|x86
		{3BC2DF82-05D5-4533-BE54-50C3CF7FCF85}.Ad-Hoc|x86.Build.0 = Release|x86
		{3BC2DF82-05D5-4533-BE54-50C3CF7FCF85}.Ad-Hoc|x86.Deploy.0 = Release|x86
		{3BC2DF82-05D5-4533-BE54-50C3CF7FCF85}.AppStore|Any CPU.ActiveCfg = Release|Any CPU
		{3BC2DF82-05D5-4533-BE54-50C3CF7FCF85}.AppStore|Any CPU.Build.0 = Release|Any CPU
		{3BC2DF82-05D5-4533-BE54-50C3CF7FCF85}.AppStore|Any CPU.Deploy.0 = Release|Any CPU
		{3BC2DF82-05D5-4533-BE54-50C3CF7FCF85}.AppStore|ARM.ActiveCfg = Release|ARM
		{3BC2DF82-05D5-4533-BE54-50C3CF7FCF85}.AppStore|ARM.Build.0 = Release|ARM
		{3BC2DF82-05D5-4533-BE54-50C3CF7FCF85}.AppStore|ARM.Deploy.0 = Release|ARM
		{3BC2DF82-05D5-4533-BE54-50C3CF7FCF85}.AppStore|iPhone.ActiveCfg = Release|Any CPU
		{3BC2DF82-05D5-4533-BE54-50C3CF7FCF85}.AppStore|iPhoneSimulator.ActiveCfg = Release|Any CPU
		{3BC2DF82-05D5-4533-BE54-50C3CF7FCF85}.AppStore|Mixed Platforms.ActiveCfg = Release|x86
		{3BC2DF82-05D5-4533-BE54-50C3CF7FCF85}.AppStore|Mixed Platforms.Build.0 = Release|x86
		{3BC2DF82-05D5-4533-BE54-50C3CF7FCF85}.AppStore|Mixed Platforms.Deploy.0 = Release|x86
		{3BC2DF82-05D5-4533-BE54-50C3CF7FCF85}.AppStore|x86.ActiveCfg = Release|x86
		{3BC2DF82-05D5-4533-BE54-50C3CF7FCF85}.AppStore|x86.Build.0 = Release|x86
		{3BC2DF82-05D5-4533-BE54-50C3CF7FCF85}.AppStore|x86.Deploy.0 = Release|x86
		{3BC2DF82-05D5-4533-BE54-50C3CF7FCF85}.Debug|Any CPU.ActiveCfg = Debug|Any CPU
		{3BC2DF82-05D5-4533-BE54-50C3CF7FCF85}.Debug|Any CPU.Build.0 = Debug|Any CPU
		{3BC2DF82-05D5-4533-BE54-50C3CF7FCF85}.Debug|Any CPU.Deploy.0 = Debug|Any CPU
		{3BC2DF82-05D5-4533-BE54-50C3CF7FCF85}.Debug|ARM.ActiveCfg = Debug|ARM
		{3BC2DF82-05D5-4533-BE54-50C3CF7FCF85}.Debug|ARM.Build.0 = Debug|ARM
		{3BC2DF82-05D5-4533-BE54-50C3CF7FCF85}.Debug|ARM.Deploy.0 = Debug|ARM
		{3BC2DF82-05D5-4533-BE54-50C3CF7FCF85}.Debug|iPhone.ActiveCfg = Debug|Any CPU
		{3BC2DF82-05D5-4533-BE54-50C3CF7FCF85}.Debug|iPhoneSimulator.ActiveCfg = Debug|Any CPU
		{3BC2DF82-05D5-4533-BE54-50C3CF7FCF85}.Debug|Mixed Platforms.ActiveCfg = Debug|x86
		{3BC2DF82-05D5-4533-BE54-50C3CF7FCF85}.Debug|Mixed Platforms.Build.0 = Debug|x86
		{3BC2DF82-05D5-4533-BE54-50C3CF7FCF85}.Debug|Mixed Platforms.Deploy.0 = Debug|x86
		{3BC2DF82-05D5-4533-BE54-50C3CF7FCF85}.Debug|x86.ActiveCfg = Debug|x86
		{3BC2DF82-05D5-4533-BE54-50C3CF7FCF85}.Debug|x86.Build.0 = Debug|x86
		{3BC2DF82-05D5-4533-BE54-50C3CF7FCF85}.Debug|x86.Deploy.0 = Debug|x86
		{3BC2DF82-05D5-4533-BE54-50C3CF7FCF85}.Release|Any CPU.ActiveCfg = Release|Any CPU
		{3BC2DF82-05D5-4533-BE54-50C3CF7FCF85}.Release|Any CPU.Build.0 = Release|Any CPU
		{3BC2DF82-05D5-4533-BE54-50C3CF7FCF85}.Release|Any CPU.Deploy.0 = Release|Any CPU
		{3BC2DF82-05D5-4533-BE54-50C3CF7FCF85}.Release|ARM.ActiveCfg = Release|ARM
		{3BC2DF82-05D5-4533-BE54-50C3CF7FCF85}.Release|ARM.Build.0 = Release|ARM
		{3BC2DF82-05D5-4533-BE54-50C3CF7FCF85}.Release|ARM.Deploy.0 = Release|ARM
		{3BC2DF82-05D5-4533-BE54-50C3CF7FCF85}.Release|iPhone.ActiveCfg = Release|Any CPU
		{3BC2DF82-05D5-4533-BE54-50C3CF7FCF85}.Release|iPhoneSimulator.ActiveCfg = Release|Any CPU
		{3BC2DF82-05D5-4533-BE54-50C3CF7FCF85}.Release|Mixed Platforms.ActiveCfg = Release|x86
		{3BC2DF82-05D5-4533-BE54-50C3CF7FCF85}.Release|Mixed Platforms.Build.0 = Release|x86
		{3BC2DF82-05D5-4533-BE54-50C3CF7FCF85}.Release|Mixed Platforms.Deploy.0 = Release|x86
		{3BC2DF82-05D5-4533-BE54-50C3CF7FCF85}.Release|x86.ActiveCfg = Release|x86
		{3BC2DF82-05D5-4533-BE54-50C3CF7FCF85}.Release|x86.Build.0 = Release|x86
		{3BC2DF82-05D5-4533-BE54-50C3CF7FCF85}.Release|x86.Deploy.0 = Release|x86
		{DD2F490F-D443-49EF-B4B1-29937F5A53E4}.Ad-Hoc|Any CPU.ActiveCfg = Release|Any CPU
		{DD2F490F-D443-49EF-B4B1-29937F5A53E4}.Ad-Hoc|Any CPU.Build.0 = Release|Any CPU
		{DD2F490F-D443-49EF-B4B1-29937F5A53E4}.Ad-Hoc|ARM.ActiveCfg = Release|Any CPU
		{DD2F490F-D443-49EF-B4B1-29937F5A53E4}.Ad-Hoc|iPhone.ActiveCfg = Release|Any CPU
		{DD2F490F-D443-49EF-B4B1-29937F5A53E4}.Ad-Hoc|iPhoneSimulator.ActiveCfg = Release|Any CPU
		{DD2F490F-D443-49EF-B4B1-29937F5A53E4}.Ad-Hoc|Mixed Platforms.ActiveCfg = Release|Any CPU
		{DD2F490F-D443-49EF-B4B1-29937F5A53E4}.Ad-Hoc|Mixed Platforms.Build.0 = Release|Any CPU
		{DD2F490F-D443-49EF-B4B1-29937F5A53E4}.Ad-Hoc|x86.ActiveCfg = Release|Any CPU
		{DD2F490F-D443-49EF-B4B1-29937F5A53E4}.AppStore|Any CPU.ActiveCfg = Release|Any CPU
		{DD2F490F-D443-49EF-B4B1-29937F5A53E4}.AppStore|Any CPU.Build.0 = Release|Any CPU
		{DD2F490F-D443-49EF-B4B1-29937F5A53E4}.AppStore|ARM.ActiveCfg = Release|Any CPU
		{DD2F490F-D443-49EF-B4B1-29937F5A53E4}.AppStore|iPhone.ActiveCfg = Release|Any CPU
		{DD2F490F-D443-49EF-B4B1-29937F5A53E4}.AppStore|iPhoneSimulator.ActiveCfg = Release|Any CPU
		{DD2F490F-D443-49EF-B4B1-29937F5A53E4}.AppStore|Mixed Platforms.ActiveCfg = Release|Any CPU
		{DD2F490F-D443-49EF-B4B1-29937F5A53E4}.AppStore|Mixed Platforms.Build.0 = Release|Any CPU
		{DD2F490F-D443-49EF-B4B1-29937F5A53E4}.AppStore|x86.ActiveCfg = Release|Any CPU
		{DD2F490F-D443-49EF-B4B1-29937F5A53E4}.Debug|Any CPU.ActiveCfg = Debug|Any CPU
		{DD2F490F-D443-49EF-B4B1-29937F5A53E4}.Debug|Any CPU.Build.0 = Debug|Any CPU
		{DD2F490F-D443-49EF-B4B1-29937F5A53E4}.Debug|ARM.ActiveCfg = Debug|Any CPU
		{DD2F490F-D443-49EF-B4B1-29937F5A53E4}.Debug|iPhone.ActiveCfg = Debug|Any CPU
		{DD2F490F-D443-49EF-B4B1-29937F5A53E4}.Debug|iPhoneSimulator.ActiveCfg = Debug|Any CPU
		{DD2F490F-D443-49EF-B4B1-29937F5A53E4}.Debug|Mixed Platforms.ActiveCfg = Debug|Any CPU
		{DD2F490F-D443-49EF-B4B1-29937F5A53E4}.Debug|Mixed Platforms.Build.0 = Debug|Any CPU
		{DD2F490F-D443-49EF-B4B1-29937F5A53E4}.Debug|x86.ActiveCfg = Debug|Any CPU
		{DD2F490F-D443-49EF-B4B1-29937F5A53E4}.Release|Any CPU.ActiveCfg = Release|Any CPU
		{DD2F490F-D443-49EF-B4B1-29937F5A53E4}.Release|Any CPU.Build.0 = Release|Any CPU
		{DD2F490F-D443-49EF-B4B1-29937F5A53E4}.Release|ARM.ActiveCfg = Release|Any CPU
		{DD2F490F-D443-49EF-B4B1-29937F5A53E4}.Release|iPhone.ActiveCfg = Release|Any CPU
		{DD2F490F-D443-49EF-B4B1-29937F5A53E4}.Release|iPhoneSimulator.ActiveCfg = Release|Any CPU
		{DD2F490F-D443-49EF-B4B1-29937F5A53E4}.Release|Mixed Platforms.ActiveCfg = Release|Any CPU
		{DD2F490F-D443-49EF-B4B1-29937F5A53E4}.Release|Mixed Platforms.Build.0 = Release|Any CPU
		{DD2F490F-D443-49EF-B4B1-29937F5A53E4}.Release|x86.ActiveCfg = Release|Any CPU
	EndGlobalSection
	GlobalSection(SolutionProperties) = preSolution
		HideSolutionNode = FALSE
	EndGlobalSection
	GlobalSection(NestedProjects) = preSolution
		{DD2F490F-D443-49EF-B4B1-29937F5A53E4} = {679169C2-6757-4AC1-89E0-59CECA6C3333}
		{2ABDA9B3-99A2-460E-9564-09EA84D9A82F} = {146411D2-5B23-4228-972D-F7C80879BB6E}
	EndGlobalSection
	GlobalSection(MonoDevelopProperties) = preSolution
		StartupItem = GeoChat.XamarinForms\GeoChat.XamarinForms.iOS\GeoChat.XamarinForms.iOS.csproj
	EndGlobalSection
EndGlobal
